
Microsoft Visual Studio Solution File, Format Version 12.00
Project("{FAE04EC0-301F-11D3-BF4B-00C04F79EFBC}") = "PasswordManger", "PasswordManger\PasswordManger.csproj", "{08DC558B-58F6-4797-8E6F-7A38DADB2284}"
EndProject
Global
	GlobalSection(SolutionConfigurationPlatforms) = preSolution
		Debug|Any CPU = Debug|Any CPU
		Release|Any CPU = Release|Any CPU
	EndGlobalSection
	GlobalSection(ProjectConfigurationPlatforms) = postSolution
		{08DC558B-58F6-4797-8E6F-7A38DADB2284}.Debug|Any CPU.ActiveCfg = Debug|Any CPU
		{08DC558B-58F6-4797-8E6F-7A38DADB2284}.Debug|Any CPU.Build.0 = Debug|Any CPU
		{08DC558B-58F6-4797-8E6F-7A38DADB2284}.Release|Any CPU.ActiveCfg = Release|Any CPU
		{08DC558B-58F6-4797-8E6F-7A38DADB2284}.Release|Any CPU.Build.0 = Release|Any CPU
	EndGlobalSection
EndGlobal
